
Microsoft Visual Studio Solution File, Format Version 12.00
# Visual Studio 15
VisualStudioVersion = 15.0.26730.3
MinimumVisualStudioVersion = 10.0.40219.1
Project("{FAE04EC0-301F-11D3-BF4B-00C04F79EFBC}") = "NetCoreTest", "NetCoreTest\NetCoreTest.csproj", "{382F98B6-2A0B-41F0-A410-1B43E3DECB97}"
EndProject
Global
	GlobalSection(SolutionConfigurationPlatforms) = preSolution
		Debug|Any CPU = Debug|Any CPU
		Release|Any CPU = Release|Any CPU
	EndGlobalSection
	GlobalSection(ProjectConfigurationPlatforms) = postSolution
		{382F98B6-2A0B-41F0-A410-1B43E3DECB97}.Debug|Any CPU.ActiveCfg = Debug|Any CPU
		{382F98B6-2A0B-41F0-A410-1B43E3DECB97}.Debug|Any CPU.Build.0 = Debug|Any CPU
		{382F98B6-2A0B-41F0-A410-1B43E3DECB97}.Release|Any CPU.ActiveCfg = Release|Any CPU
		{382F98B6-2A0B-41F0-A410-1B43E3DECB97}.Release|Any CPU.Build.0 = Release|Any CPU
	EndGlobalSection
	GlobalSection(SolutionProperties) = preSolution
		HideSolutionNode = FALSE
	EndGlobalSection
	GlobalSection(ExtensibilityGlobals) = postSolution
		SolutionGuid = {D13B864C-5286-454C-8F24-27070A5FBCCE}
	EndGlobalSection
EndGlobal
